
Microsoft Visual Studio Solution File, Format Version 12.00
# Visual Studio Version 17
VisualStudioVersion = 17.7.34221.43
MinimumVisualStudioVersion = 10.0.40219.1
Project("{FAE04EC0-301F-11D3-BF4B-00C04F79EFBC}") = "DealOrNoDealGame", "DealOrNoDealGame\DealOrNoDealGame.csproj", "{A7539D17-9FFB-4827-A57F-3B2B1997B8B4}"
EndProject
Global
	GlobalSection(SolutionConfigurationPlatforms) = preSolution
		Debug|Any CPU = Debug|Any CPU
		Release|Any CPU = Release|Any CPU
	EndGlobalSection
	GlobalSection(ProjectConfigurationPlatforms) = postSolution
		{A7539D17-9FFB-4827-A57F-3B2B1997B8B4}.Debug|Any CPU.ActiveCfg = Debug|Any CPU
		{A7539D17-9FFB-4827-A57F-3B2B1997B8B4}.Debug|Any CPU.Build.0 = Debug|Any CPU
		{A7539D17-9FFB-4827-A57F-3B2B1997B8B4}.Debug|Any CPU.Deploy.0 = Debug|Any CPU
		{A7539D17-9FFB-4827-A57F-3B2B1997B8B4}.Release|Any CPU.ActiveCfg = Release|Any CPU
		{A7539D17-9FFB-4827-A57F-3B2B1997B8B4}.Release|Any CPU.Build.0 = Release|Any CPU
		{A7539D17-9FFB-4827-A57F-3B2B1997B8B4}.Release|Any CPU.Deploy.0 = Release|Any CPU
	EndGlobalSection
	GlobalSection(SolutionProperties) = preSolution
		HideSolutionNode = FALSE
	EndGlobalSection
	GlobalSection(ExtensibilityGlobals) = postSolution
		SolutionGuid = {F350919F-AF2E-4C79-B264-D714E8F1E418}
	EndGlobalSection
EndGlobal
